// !$*UTF8*$!
{
	archiveVersion = 1;
	classes = {
	};
	objectVersion = 46;
	objects = {

/* Begin PBXBuildFile section */
		E5BFAC0415E6D520003C590A /* WebKit.framework in Frameworks */ = {isa = PBXBuildFile; fileRef = E5BFAC0315E6D520003C590A /* WebKit.framework */; };
		E5CB3C0715E8F88E00A82725 /* MBankViewController.m in Sources */ = {isa = PBXBuildFile; fileRef = E5CB3C0515E8F88E00A82725 /* MBankViewController.m */; };
		E5CB3C0815E8F88E00A82725 /* MBankViewController.xib in Resources */ = {isa = PBXBuildFile; fileRef = E5CB3C0615E8F88E00A82725 /* MBankViewController.xib */; };
		E5DDB27D15E81E3300E7C070 /* SelectBankViewController.m in Sources */ = {isa = PBXBuildFile; fileRef = E5DDB27B15E81E3300E7C070 /* SelectBankViewController.m */; };
		E5DDB27E15E81E3300E7C070 /* SelectBankViewController.xib in Resources */ = {isa = PBXBuildFile; fileRef = E5DDB27C15E81E3300E7C070 /* SelectBankViewController.xib */; };
		E5E09C2B15D5A76400830ABC /* Cocoa.framework in Frameworks */ = {isa = PBXBuildFile; fileRef = E5E09C2A15D5A76400830ABC /* Cocoa.framework */; };
		E5E09C3515D5A76400830ABC /* InfoPlist.strings in Resources */ = {isa = PBXBuildFile; fileRef = E5E09C3315D5A76400830ABC /* InfoPlist.strings */; };
		E5E09C3715D5A76400830ABC /* main.m in Sources */ = {isa = PBXBuildFile; fileRef = E5E09C3615D5A76400830ABC /* main.m */; };
		E5E09C3B15D5A76400830ABC /* Credits.rtf in Resources */ = {isa = PBXBuildFile; fileRef = E5E09C3915D5A76400830ABC /* Credits.rtf */; };
		E5E09C3E15D5A76400830ABC /* AppDelegate.m in Sources */ = {isa = PBXBuildFile; fileRef = E5E09C3D15D5A76400830ABC /* AppDelegate.m */; };
		E5E09C4115D5A76500830ABC /* MainMenu.xib in Resources */ = {isa = PBXBuildFile; fileRef = E5E09C3F15D5A76500830ABC /* MainMenu.xib */; };
		E5E09C4415D5A76500830ABC /* Watch_My_Money.xcdatamodeld in Sources */ = {isa = PBXBuildFile; fileRef = E5E09C4215D5A76500830ABC /* Watch_My_Money.xcdatamodeld */; };
/* End PBXBuildFile section */

/* Begin PBXFileReference section */
		E5BFAC0315E6D520003C590A /* WebKit.framework */ = {isa = PBXFileReference; lastKnownFileType = wrapper.framework; name = WebKit.framework; path = System/Library/Frameworks/WebKit.framework; sourceTree = SDKROOT; };
		E5CB3C0415E8F88E00A82725 /* MBankViewController.h */ = {isa = PBXFileReference; fileEncoding = 4; lastKnownFileType = sourcecode.c.h; path = MBankViewController.h; sourceTree = "<group>"; };
		E5CB3C0515E8F88E00A82725 /* MBankViewController.m */ = {isa = PBXFileReference; fileEncoding = 4; lastKnownFileType = sourcecode.c.objc; path = MBankViewController.m; sourceTree = "<group>"; };
		E5CB3C0615E8F88E00A82725 /* MBankViewController.xib */ = {isa = PBXFileReference; fileEncoding = 4; lastKnownFileType = file.xib; path = MBankViewController.xib; sourceTree = "<group>"; };
		E5DDB27A15E81E3300E7C070 /* SelectBankViewController.h */ = {isa = PBXFileReference; fileEncoding = 4; lastKnownFileType = sourcecode.c.h; path = SelectBankViewController.h; sourceTree = "<group>"; };
		E5DDB27B15E81E3300E7C070 /* SelectBankViewController.m */ = {isa = PBXFileReference; fileEncoding = 4; lastKnownFileType = sourcecode.c.objc; path = SelectBankViewController.m; sourceTree = "<group>"; };
		E5DDB27C15E81E3300E7C070 /* SelectBankViewController.xib */ = {isa = PBXFileReference; fileEncoding = 4; lastKnownFileType = file.xib; path = SelectBankViewController.xib; sourceTree = "<group>"; };
		E5E09C2615D5A76400830ABC /* Watch My Money.app */ = {isa = PBXFileReference; explicitFileType = wrapper.application; includeInIndex = 0; path = "Watch My Money.app"; sourceTree = BUILT_PRODUCTS_DIR; };
		E5E09C2A15D5A76400830ABC /* Cocoa.framework */ = {isa = PBXFileReference; lastKnownFileType = wrapper.framework; name = Cocoa.framework; path = System/Library/Frameworks/Cocoa.framework; sourceTree = SDKROOT; };
		E5E09C2D15D5A76400830ABC /* AppKit.framework */ = {isa = PBXFileReference; lastKnownFileType = wrapper.framework; name = AppKit.framework; path = System/Library/Frameworks/AppKit.framework; sourceTree = SDKROOT; };
		E5E09C2E15D5A76400830ABC /* CoreData.framework */ = {isa = PBXFileReference; lastKnownFileType = wrapper.framework; name = CoreData.framework; path = System/Library/Frameworks/CoreData.framework; sourceTree = SDKROOT; };
		E5E09C2F15D5A76400830ABC /* Foundation.framework */ = {isa = PBXFileReference; lastKnownFileType = wrapper.framework; name = Foundation.framework; path = System/Library/Frameworks/Foundation.framework; sourceTree = SDKROOT; };
		E5E09C3215D5A76400830ABC /* Watch My Money-Info.plist */ = {isa = PBXFileReference; lastKnownFileType = text.plist.xml; path = "Watch My Money-Info.plist"; sourceTree = "<group>"; };
		E5E09C3415D5A76400830ABC /* en */ = {isa = PBXFileReference; lastKnownFileType = text.plist.strings; name = en; path = en.lproj/InfoPlist.strings; sourceTree = "<group>"; };
		E5E09C3615D5A76400830ABC /* main.m */ = {isa = PBXFileReference; lastKnownFileType = sourcecode.c.objc; path = main.m; sourceTree = "<group>"; };
		E5E09C3815D5A76400830ABC /* Watch My Money-Prefix.pch */ = {isa = PBXFileReference; lastKnownFileType = sourcecode.c.h; path = "Watch My Money-Prefix.pch"; sourceTree = "<group>"; };
		E5E09C3A15D5A76400830ABC /* en */ = {isa = PBXFileReference; lastKnownFileType = text.rtf; name = en; path = en.lproj/Credits.rtf; sourceTree = "<group>"; };
		E5E09C3C15D5A76400830ABC /* AppDelegate.h */ = {isa = PBXFileReference; lastKnownFileType = sourcecode.c.h; path = AppDelegate.h; sourceTree = "<group>"; };
		E5E09C3D15D5A76400830ABC /* AppDelegate.m */ = {isa = PBXFileReference; lastKnownFileType = sourcecode.c.objc; path = AppDelegate.m; sourceTree = "<group>"; };
		E5E09C4015D5A76500830ABC /* en */ = {isa = PBXFileReference; lastKnownFileType = file.xib; name = en; path = en.lproj/MainMenu.xib; sourceTree = "<group>"; };
		E5E09C4315D5A76500830ABC /* Watch_My_Money.xcdatamodel */ = {isa = PBXFileReference; lastKnownFileType = wrapper.xcdatamodel; path = Watch_My_Money.xcdatamodel; sourceTree = "<group>"; };
/* End PBXFileReference section */

/* Begin PBXFrameworksBuildPhase section */
		E5E09C2315D5A76400830ABC /* Frameworks */ = {
			isa = PBXFrameworksBuildPhase;
			buildActionMask = 2147483647;
			files = (
				E5BFAC0415E6D520003C590A /* WebKit.framework in Frameworks */,
				E5E09C2B15D5A76400830ABC /* Cocoa.framework in Frameworks */,
			);
			runOnlyForDeploymentPostprocessing = 0;
		};
/* End PBXFrameworksBuildPhase section */

/* Begin PBXGroup section */
		E5CB3C0215E8F87900A82725 /* mBank */ = {
			isa = PBXGroup;
			children = (
				E5CB3C0415E8F88E00A82725 /* MBankViewController.h */,
				E5CB3C0515E8F88E00A82725 /* MBankViewController.m */,
				E5CB3C0615E8F88E00A82725 /* MBankViewController.xib */,
			);
			name = mBank;
			sourceTree = "<group>";
		};
		E5E09C1B15D5A76400830ABC = {
			isa = PBXGroup;
			children = (
				E5E09C3015D5A76400830ABC /* Watch My Money */,
				E5E09C2915D5A76400830ABC /* Frameworks */,
				E5E09C2715D5A76400830ABC /* Products */,
			);
			sourceTree = "<group>";
		};
		E5E09C2715D5A76400830ABC /* Products */ = {
			isa = PBXGroup;
			children = (
				E5E09C2615D5A76400830ABC /* Watch My Money.app */,
			);
			name = Products;
			sourceTree = "<group>";
		};
		E5E09C2915D5A76400830ABC /* Frameworks */ = {
			isa = PBXGroup;
			children = (
				E5BFAC0315E6D520003C590A /* WebKit.framework */,
				E5E09C2A15D5A76400830ABC /* Cocoa.framework */,
				E5E09C2C15D5A76400830ABC /* Other Frameworks */,
			);
			name = Frameworks;
			sourceTree = "<group>";
		};
		E5E09C2C15D5A76400830ABC /* Other Frameworks */ = {
			isa = PBXGroup;
			children = (
				E5E09C2D15D5A76400830ABC /* AppKit.framework */,
				E5E09C2E15D5A76400830ABC /* CoreData.framework */,
				E5E09C2F15D5A76400830ABC /* Foundation.framework */,
			);
			name = "Other Frameworks";
			sourceTree = "<group>";
		};
		E5E09C3015D5A76400830ABC /* Watch My Money */ = {
			isa = PBXGroup;
			children = (
				E5CB3C0215E8F87900A82725 /* mBank */,
				E5DDB27A15E81E3300E7C070 /* SelectBankViewController.h */,
				E5DDB27B15E81E3300E7C070 /* SelectBankViewController.m */,
				E5DDB27C15E81E3300E7C070 /* SelectBankViewController.xib */,
				E5E09C3C15D5A76400830ABC /* AppDelegate.h */,
				E5E09C3D15D5A76400830ABC /* AppDelegate.m */,
				E5E09C3F15D5A76500830ABC /* MainMenu.xib */,
				E5E09C4215D5A76500830ABC /* Watch_My_Money.xcdatamodeld */,
				E5E09C3115D5A76400830ABC /* Supporting Files */,
			);
			path = "Watch My Money";
			sourceTree = "<group>";
		};
		E5E09C3115D5A76400830ABC /* Supporting Files */ = {
			isa = PBXGroup;
			children = (
				E5E09C3215D5A76400830ABC /* Watch My Money-Info.plist */,
				E5E09C3315D5A76400830ABC /* InfoPlist.strings */,
				E5E09C3615D5A76400830ABC /* main.m */,
				E5E09C3815D5A76400830ABC /* Watch My Money-Prefix.pch */,
				E5E09C3915D5A76400830ABC /* Credits.rtf */,
			);
			name = "Supporting Files";
			sourceTree = "<group>";
		};
/* End PBXGroup section */

/* Begin PBXNativeTarget section */
		E5E09C2515D5A76400830ABC /* Watch My Money */ = {
			isa = PBXNativeTarget;
			buildConfigurationList = E5E09C4715D5A76500830ABC /* Build configuration list for PBXNativeTarget "Watch My Money" */;
			buildPhases = (
				E5E09C2215D5A76400830ABC /* Sources */,
				E5E09C2315D5A76400830ABC /* Frameworks */,
				E5E09C2415D5A76400830ABC /* Resources */,
			);
			buildRules = (
			);
			dependencies = (
			);
			name = "Watch My Money";
			productName = "Watch My Money";
			productReference = E5E09C2615D5A76400830ABC /* Watch My Money.app */;
			productType = "com.apple.product-type.application";
		};
/* End PBXNativeTarget section */

/* Begin PBXProject section */
		E5E09C1D15D5A76400830ABC /* Project object */ = {
			isa = PBXProject;
			attributes = {
				LastUpgradeCheck = 0440;
				ORGANIZATIONNAME = "Pawel Niewiadomski";
			};
			buildConfigurationList = E5E09C2015D5A76400830ABC /* Build configuration list for PBXProject "Watch My Money" */;
			compatibilityVersion = "Xcode 3.2";
			developmentRegion = English;
			hasScannedForEncodings = 0;
			knownRegions = (
				en,
			);
			mainGroup = E5E09C1B15D5A76400830ABC;
			productRefGroup = E5E09C2715D5A76400830ABC /* Products */;
			projectDirPath = "";
			projectRoot = "";
			targets = (
				E5E09C2515D5A76400830ABC /* Watch My Money */,
			);
		};
/* End PBXProject section */

/* Begin PBXResourcesBuildPhase section */
		E5E09C2415D5A76400830ABC /* Resources */ = {
			isa = PBXResourcesBuildPhase;
			buildActionMask = 2147483647;
			files = (
				E5E09C3515D5A76400830ABC /* InfoPlist.strings in Resources */,
				E5E09C3B15D5A76400830ABC /* Credits.rtf in Resources */,
				E5E09C4115D5A76500830ABC /* MainMenu.xib in Resources */,
				E5DDB27E15E81E3300E7C070 /* SelectBankViewController.xib in Resources */,
				E5CB3C0815E8F88E00A82725 /* MBankViewController.xib in Resources */,
			);
			runOnlyForDeploymentPostprocessing = 0;
		};
/* End PBXResourcesBuildPhase section */

/* Begin PBXSourcesBuildPhase section */
		E5E09C2215D5A76400830ABC /* Sources */ = {
			isa = PBXSourcesBuildPhase;
			buildActionMask = 2147483647;
			files = (
				E5E09C3715D5A76400830ABC /* main.m in Sources */,
				E5E09C3E15D5A76400830ABC /* AppDelegate.m in Sources */,
				E5E09C4415D5A76500830ABC /* Watch_My_Money.xcdatamodeld in Sources */,
				E5DDB27D15E81E3300E7C070 /* SelectBankViewController.m in Sources */,
				E5CB3C0715E8F88E00A82725 /* MBankViewController.m in Sources */,
			);
			runOnlyForDeploymentPostprocessing = 0;
		};
/* End PBXSourcesBuildPhase section */

/* Begin PBXVariantGroup section */
		E5E09C3315D5A76400830ABC /* InfoPlist.strings */ = {
			isa = PBXVariantGroup;
			children = (
				E5E09C3415D5A76400830ABC /* en */,
			);
			name = InfoPlist.strings;
			sourceTree = "<group>";
		};
		E5E09C3915D5A76400830ABC /* Credits.rtf */ = {
			isa = PBXVariantGroup;
			children = (
				E5E09C3A15D5A76400830ABC /* en */,
			);
			name = Credits.rtf;
			sourceTree = "<group>";
		};
		E5E09C3F15D5A76500830ABC /* MainMenu.xib */ = {
			isa = PBXVariantGroup;
			children = (
				E5E09C4015D5A76500830ABC /* en */,
			);
			name = MainMenu.xib;
			sourceTree = "<group>";
		};
/* End PBXVariantGroup section */

/* Begin XCBuildConfiguration section */
		E5E09C4515D5A76500830ABC /* Debug */ = {
			isa = XCBuildConfiguration;
			buildSettings = {
				ALWAYS_SEARCH_USER_PATHS = NO;
				ARCHS = "$(ARCHS_STANDARD_64_BIT)";
				CLANG_CXX_LANGUAGE_STANDARD = "gnu++0x";
				CLANG_ENABLE_OBJC_ARC = YES;
				CLANG_WARN__DUPLICATE_METHOD_MATCH = YES;
				COPY_PHASE_STRIP = NO;
				GCC_C_LANGUAGE_STANDARD = gnu99;
				GCC_DYNAMIC_NO_PIC = NO;
				GCC_ENABLE_OBJC_EXCEPTIONS = YES;
				GCC_OPTIMIZATION_LEVEL = 0;
				GCC_PREPROCESSOR_DEFINITIONS = (
					"DEBUG=1",
					"$(inherited)",
				);
				GCC_SYMBOLS_PRIVATE_EXTERN = NO;
				GCC_WARN_64_TO_32_BIT_CONVERSION = YES;
				GCC_WARN_ABOUT_RETURN_TYPE = YES;
				GCC_WARN_UNINITIALIZED_AUTOS = YES;
				GCC_WARN_UNUSED_VARIABLE = YES;
				MACOSX_DEPLOYMENT_TARGET = 10.7;
				ONLY_ACTIVE_ARCH = YES;
				SDKROOT = macosx;
			};
			name = Debug;
		};
		E5E09C4615D5A76500830ABC /* Release */ = {
			isa = XCBuildConfiguration;
			buildSettings = {
				ALWAYS_SEARCH_USER_PATHS = NO;
				ARCHS = "$(ARCHS_STANDARD_64_BIT)";
				CLANG_CXX_LANGUAGE_STANDARD = "gnu++0x";
				CLANG_ENABLE_OBJC_ARC = YES;
				CLANG_WARN__DUPLICATE_METHOD_MATCH = YES;
				COPY_PHASE_STRIP = YES;
				DEBUG_INFORMATION_FORMAT = "dwarf-with-dsym";
				GCC_C_LANGUAGE_STANDARD = gnu99;
				GCC_ENABLE_OBJC_EXCEPTIONS = YES;
				GCC_WARN_64_TO_32_BIT_CONVERSION = YES;
				GCC_WARN_ABOUT_RETURN_TYPE = YES;
				GCC_WARN_UNINITIALIZED_AUTOS = YES;
				GCC_WARN_UNUSED_VARIABLE = YES;
				MACOSX_DEPLOYMENT_TARGET = 10.7;
				SDKROOT = macosx;
			};
			name = Release;
		};
		E5E09C4815D5A76500830ABC /* Debug */ = {
			isa = XCBuildConfiguration;
			buildSettings = {
				COMBINE_HIDPI_IMAGES = YES;
				GCC_PRECOMPILE_PREFIX_HEADER = YES;
				GCC_PREFIX_HEADER = "Watch My Money/Watch My Money-Prefix.pch";
				INFOPLIST_FILE = "Watch My Money/Watch My Money-Info.plist";
				PRODUCT_NAME = "$(TARGET_NAME)";
				WRAPPER_EXTENSION = app;
			};
			name = Debug;
		};
		E5E09C4915D5A76500830ABC /* Release */ = {
			isa = XCBuildConfiguration;
			buildSettings = {
				COMBINE_HIDPI_IMAGES = YES;
				GCC_PRECOMPILE_PREFIX_HEADER = YES;
				GCC_PREFIX_HEADER = "Watch My Money/Watch My Money-Prefix.pch";
				INFOPLIST_FILE = "Watch My Money/Watch My Money-Info.plist";
				PRODUCT_NAME = "$(TARGET_NAME)";
				WRAPPER_EXTENSION = app;
			};
			name = Release;
		};
/* End XCBuildConfiguration section */

/* Begin XCConfigurationList section */
		E5E09C2015D5A76400830ABC /* Build configuration list for PBXProject "Watch My Money" */ = {
			isa = XCConfigurationList;
			buildConfigurations = (
				E5E09C4515D5A76500830ABC /* Debug */,
				E5E09C4615D5A76500830ABC /* Release */,
			);
			defaultConfigurationIsVisible = 0;
			defaultConfigurationName = Release;
		};
		E5E09C4715D5A76500830ABC /* Build configuration list for PBXNativeTarget "Watch My Money" */ = {
			isa = XCConfigurationList;
			buildConfigurations = (
				E5E09C4815D5A76500830ABC /* Debug */,
				E5E09C4915D5A76500830ABC /* Release */,
			);
			defaultConfigurationIsVisible = 0;
			defaultConfigurationName = Release;
		};
/* End XCConfigurationList section */

/* Begin XCVersionGroup section */
		E5E09C4215D5A76500830ABC /* Watch_My_Money.xcdatamodeld */ = {
			isa = XCVersionGroup;
			children = (
				E5E09C4315D5A76500830ABC /* Watch_My_Money.xcdatamodel */,
			);
			currentVersion = E5E09C4315D5A76500830ABC /* Watch_My_Money.xcdatamodel */;
			path = Watch_My_Money.xcdatamodeld;
			sourceTree = "<group>";
			versionGroupType = wrapper.xcdatamodel;
		};
/* End XCVersionGroup section */
	};
	rootObject = E5E09C1D15D5A76400830ABC /* Project object */;
}
